
Microsoft Visual Studio Solution File, Format Version 12.00
# Visual Studio Version 17
VisualStudioVersion = 17.9.34723.18
MinimumVisualStudioVersion = 10.0.40219.1
Project("{FAE04EC0-301F-11D3-BF4B-00C04F79EFBC}") = "Week2", "Week2\Week2.csproj", "{D243C700-7D30-42D4-9F03-DE5EE804435F}"
EndProject
Project("{FAE04EC0-301F-11D3-BF4B-00C04F79EFBC}") = "ConsoleApp1", "ConsoleApp1\ConsoleApp1.csproj", "{8BB0209D-C7ED-403E-8F34-97A548F1F47B}"
EndProject
Global
	GlobalSection(SolutionConfigurationPlatforms) = preSolution
		Debug|Any CPU = Debug|Any CPU
		Release|Any CPU = Release|Any CPU
	EndGlobalSection
	GlobalSection(ProjectConfigurationPlatforms) = postSolution
		{D243C700-7D30-42D4-9F03-DE5EE804435F}.Debug|Any CPU.ActiveCfg = Debug|Any CPU
		{D243C700-7D30-42D4-9F03-DE5EE804435F}.Debug|Any CPU.Build.0 = Debug|Any CPU
		{D243C700-7D30-42D4-9F03-DE5EE804435F}.Release|Any CPU.ActiveCfg = Release|Any CPU
		{D243C700-7D30-42D4-9F03-DE5EE804435F}.Release|Any CPU.Build.0 = Release|Any CPU
		{8BB0209D-C7ED-403E-8F34-97A548F1F47B}.Debug|Any CPU.ActiveCfg = Debug|Any CPU
		{8BB0209D-C7ED-403E-8F34-97A548F1F47B}.Debug|Any CPU.Build.0 = Debug|Any CPU
		{8BB0209D-C7ED-403E-8F34-97A548F1F47B}.Release|Any CPU.ActiveCfg = Release|Any CPU
		{8BB0209D-C7ED-403E-8F34-97A548F1F47B}.Release|Any CPU.Build.0 = Release|Any CPU
	EndGlobalSection
	GlobalSection(SolutionProperties) = preSolution
		HideSolutionNode = FALSE
	EndGlobalSection
	GlobalSection(ExtensibilityGlobals) = postSolution
		SolutionGuid = {2FBDFD77-1146-48ED-B366-3E6A30060B02}
	EndGlobalSection
EndGlobal
